
Microsoft Visual Studio Solution File, Format Version 12.00
# Visual Studio Version 17
VisualStudioVersion = 17.5.002.0
MinimumVisualStudioVersion = 10.0.40219.1
Project("{9A19103F-16F7-4668-BE54-9A1E7A4F7556}") = "api", "api\api.csproj", "{8429C6AC-DE5E-402F-8362-50C6E681578C}"
EndProject
Global
	GlobalSection(SolutionConfigurationPlatforms) = preSolution
		Debug|Any CPU = Debug|Any CPU
		Release|Any CPU = Release|Any CPU
	EndGlobalSection
	GlobalSection(ProjectConfigurationPlatforms) = postSolution
		{8429C6AC-DE5E-402F-8362-50C6E681578C}.Debug|Any CPU.ActiveCfg = Debug|Any CPU
		{8429C6AC-DE5E-402F-8362-50C6E681578C}.Debug|Any CPU.Build.0 = Debug|Any CPU
		{8429C6AC-DE5E-402F-8362-50C6E681578C}.Release|Any CPU.ActiveCfg = Release|Any CPU
		{8429C6AC-DE5E-402F-8362-50C6E681578C}.Release|Any CPU.Build.0 = Release|Any CPU
	EndGlobalSection
	GlobalSection(SolutionProperties) = preSolution
		HideSolutionNode = FALSE
	EndGlobalSection
	GlobalSection(ExtensibilityGlobals) = postSolution
		SolutionGuid = {E8A84B23-1367-47FA-96CC-8E1976EC5C17}
	EndGlobalSection
EndGlobal
